
Microsoft Visual Studio Solution File, Format Version 12.00
# Visual Studio Version 17
VisualStudioVersion = 17.0.31903.59
MinimumVisualStudioVersion = 10.0.40219.1
Project("{FAE04EC0-301F-11D3-BF4B-00C04F79EFBC}") = "task05", "task05\task05.csproj", "{C7FD7142-66CA-4BAE-AE6D-1D254F0B3523}"
EndProject
Project("{FAE04EC0-301F-11D3-BF4B-00C04F79EFBC}") = "task05tests", "task05tests\task05tests.csproj", "{6D246E28-C986-4B40-85CF-D629B5D7806E}"
EndProject
Global
	GlobalSection(SolutionConfigurationPlatforms) = preSolution
		Debug|Any CPU = Debug|Any CPU
		Release|Any CPU = Release|Any CPU
	EndGlobalSection
	GlobalSection(SolutionProperties) = preSolution
		HideSolutionNode = FALSE
	EndGlobalSection
	GlobalSection(ProjectConfigurationPlatforms) = postSolution
		{C7FD7142-66CA-4BAE-AE6D-1D254F0B3523}.Debug|Any CPU.ActiveCfg = Debug|Any CPU
		{C7FD7142-66CA-4BAE-AE6D-1D254F0B3523}.Debug|Any CPU.Build.0 = Debug|Any CPU
		{C7FD7142-66CA-4BAE-AE6D-1D254F0B3523}.Release|Any CPU.ActiveCfg = Release|Any CPU
		{C7FD7142-66CA-4BAE-AE6D-1D254F0B3523}.Release|Any CPU.Build.0 = Release|Any CPU
		{6D246E28-C986-4B40-85CF-D629B5D7806E}.Debug|Any CPU.ActiveCfg = Debug|Any CPU
		{6D246E28-C986-4B40-85CF-D629B5D7806E}.Debug|Any CPU.Build.0 = Debug|Any CPU
		{6D246E28-C986-4B40-85CF-D629B5D7806E}.Release|Any CPU.ActiveCfg = Release|Any CPU
		{6D246E28-C986-4B40-85CF-D629B5D7806E}.Release|Any CPU.Build.0 = Release|Any CPU
	EndGlobalSection
EndGlobal
